Microsoft Visual Studio Solution File, Format Version 12.00
# Visual Studio Version 16
VisualStudioVersion = 16.0.29318.209
MinimumVisualStudioVersion = 15.0.26124.0
Project("{FAE04EC0-301F-11D3-BF4B-00C04F79EFBC}") = "FizzBuzzWhizz", "FizzBuzzWhizz\FizzBuzzWhizz.csproj", "{C4763F5B-2285-4D7C-A383-E3BCC057720D}"
EndProject
Project("{2150E333-8FDC-42A3-9474-1A3956D46DE8}") = "Solution Items", "Solution Items", "{B38486DC-43FF-4342-B2A6-D05C9F4B8450}"
	ProjectSection(SolutionItems) = preProject
		CHANGELOG.md = CHANGELOG.md
		README.md = README.md
		LICENSE = LICENSE
		.gitattributes = .gitattributes
		.gitignore = .gitignore
	EndProjectSection
EndProject
Project("{2150E333-8FDC-42A3-9474-1A3956D46DE8}") = ".github", ".github", "{BFEE5C46-D92C-4926-8E2D-2E9550C3731E}"
EndProject
Project("{2150E333-8FDC-42A3-9474-1A3956D46DE8}") = "workflows", "workflows", "{3B14075E-0004-489D-B0D5-35A739D189B7}"
	ProjectSection(SolutionItems) = preProject
		.github\workflows\ci.yaml = .github\workflows\ci.yaml
	EndProjectSection
EndProject
Global
	GlobalSection(SolutionConfigurationPlatforms) = preSolution
		Debug|Any CPU = Debug|Any CPU
		Debug|x64 = Debug|x64
		Debug|x86 = Debug|x86
		Release|Any CPU = Release|Any CPU
		Release|x64 = Release|x64
		Release|x86 = Release|x86
	EndGlobalSection
	GlobalSection(ProjectConfigurationPlatforms) = postSolution
		{F5F384E5-3F3A-474C-BCBD-B207E3ABBB0A}.Debug|Any CPU.ActiveCfg = Debug|Any CPU
		{F5F384E5-3F3A-474C-BCBD-B207E3ABBB0A}.Debug|Any CPU.Build.0 = Debug|Any CPU
		{F5F384E5-3F3A-474C-BCBD-B207E3ABBB0A}.Debug|x64.ActiveCfg = Debug|Any CPU
		{F5F384E5-3F3A-474C-BCBD-B207E3ABBB0A}.Debug|x64.Build.0 = Debug|Any CPU
		{F5F384E5-3F3A-474C-BCBD-B207E3ABBB0A}.Debug|x86.ActiveCfg = Debug|Any CPU
		{F5F384E5-3F3A-474C-BCBD-B207E3ABBB0A}.Debug|x86.Build.0 = Debug|Any CPU
		{F5F384E5-3F3A-474C-BCBD-B207E3ABBB0A}.Release|Any CPU.ActiveCfg = Release|Any CPU
		{F5F384E5-3F3A-474C-BCBD-B207E3ABBB0A}.Release|Any CPU.Build.0 = Release|Any CPU
		{F5F384E5-3F3A-474C-BCBD-B207E3ABBB0A}.Release|x64.ActiveCfg = Release|Any CPU
		{F5F384E5-3F3A-474C-BCBD-B207E3ABBB0A}.Release|x64.Build.0 = Release|Any CPU
		{F5F384E5-3F3A-474C-BCBD-B207E3ABBB0A}.Release|x86.ActiveCfg = Release|Any CPU
		{F5F384E5-3F3A-474C-BCBD-B207E3ABBB0A}.Release|x86.Build.0 = Release|Any CPU
		{95D5BBFC-73FD-4E57-B784-5CED1AA77AC9}.Debug|Any CPU.ActiveCfg = Debug|Any CPU
		{95D5BBFC-73FD-4E57-B784-5CED1AA77AC9}.Debug|Any CPU.Build.0 = Debug|Any CPU
		{95D5BBFC-73FD-4E57-B784-5CED1AA77AC9}.Debug|x64.ActiveCfg = Debug|Any CPU
		{95D5BBFC-73FD-4E57-B784-5CED1AA77AC9}.Debug|x64.Build.0 = Debug|Any CPU
		{95D5BBFC-73FD-4E57-B784-5CED1AA77AC9}.Debug|x86.ActiveCfg = Debug|Any CPU
		{95D5BBFC-73FD-4E57-B784-5CED1AA77AC9}.Debug|x86.Build.0 = Debug|Any CPU
		{95D5BBFC-73FD-4E57-B784-5CED1AA77AC9}.Release|Any CPU.ActiveCfg = Release|Any CPU
		{95D5BBFC-73FD-4E57-B784-5CED1AA77AC9}.Release|Any CPU.Build.0 = Release|Any CPU
		{95D5BBFC-73FD-4E57-B784-5CED1AA77AC9}.Release|x64.ActiveCfg = Release|Any CPU
		{95D5BBFC-73FD-4E57-B784-5CED1AA77AC9}.Release|x64.Build.0 = Release|Any CPU
		{95D5BBFC-73FD-4E57-B784-5CED1AA77AC9}.Release|x86.ActiveCfg = Release|Any CPU
		{95D5BBFC-73FD-4E57-B784-5CED1AA77AC9}.Release|x86.Build.0 = Release|Any CPU
		{C4763F5B-2285-4D7C-A383-E3BCC057720D}.Debug|Any CPU.ActiveCfg = Debug|Any CPU
		{C4763F5B-2285-4D7C-A383-E3BCC057720D}.Debug|Any CPU.Build.0 = Debug|Any CPU
		{C4763F5B-2285-4D7C-A383-E3BCC057720D}.Debug|x64.ActiveCfg = Debug|Any CPU
		{C4763F5B-2285-4D7C-A383-E3BCC057720D}.Debug|x64.Build.0 = Debug|Any CPU
		{C4763F5B-2285-4D7C-A383-E3BCC057720D}.Debug|x86.ActiveCfg = Debug|Any CPU
		{C4763F5B-2285-4D7C-A383-E3BCC057720D}.Debug|x86.Build.0 = Debug|Any CPU
		{C4763F5B-2285-4D7C-A383-E3BCC057720D}.Release|Any CPU.ActiveCfg = Release|Any CPU
		{C4763F5B-2285-4D7C-A383-E3BCC057720D}.Release|Any CPU.Build.0 = Release|Any CPU
		{C4763F5B-2285-4D7C-A383-E3BCC057720D}.Release|x64.ActiveCfg = Release|Any CPU
		{C4763F5B-2285-4D7C-A383-E3BCC057720D}.Release|x64.Build.0 = Release|Any CPU
		{C4763F5B-2285-4D7C-A383-E3BCC057720D}.Release|x86.ActiveCfg = Release|Any CPU
		{C4763F5B-2285-4D7C-A383-E3BCC057720D}.Release|x86.Build.0 = Release|Any CPU
	EndGlobalSection
	GlobalSection(SolutionProperties) = preSolution
		HideSolutionNode = FALSE
	EndGlobalSection
	GlobalSection(NestedProjects) = preSolution
		{95D5BBFC-73FD-4E57-B784-5CED1AA77AC9} = {0A932642-F000-4BDE-969F-C3123FE08736}
		{BFEE5C46-D92C-4926-8E2D-2E9550C3731E} = {B38486DC-43FF-4342-B2A6-D05C9F4B8450}
		{3B14075E-0004-489D-B0D5-35A739D189B7} = {BFEE5C46-D92C-4926-8E2D-2E9550C3731E}
	EndGlobalSection
	GlobalSection(ExtensibilityGlobals) = postSolution
		SolutionGuid = {B8592FDC-FEB3-4CD7-8DDD-B8A9F41C7946}
	EndGlobalSection
EndGlobal
