
Microsoft Visual Studio Solution File, Format Version 12.00
Project("{FAE04EC0-301F-11D3-BF4B-00C04F79EFBC}") = "FizzBuzzWhizz", "FizzBuzzWhizz\FizzBuzzWhizz.csproj", "{A59CCEA6-E472-4D27-ACE0-4F926EBF3D0A}"
EndProject
Project("{FAE04EC0-301F-11D3-BF4B-00C04F79EFBC}") = "FizzBuzzWhizz.Sample", "FizzBuzzWhizz.Sample\FizzBuzzWhizz.Sample.csproj", "{0DF8987C-AB52-4251-B844-661FD7D7F749}"
EndProject
Project("{FAE04EC0-301F-11D3-BF4B-00C04F79EFBC}") = "FizzBuzzWhizz.Tests", "FizzBuzzWhizz.Tests\FizzBuzzWhizz.Tests.csproj", "{2BD04504-5307-4439-B96D-D9BEB9524AB9}"
EndProject
Project("{2150E333-8FDC-42A3-9474-1A3956D46DE8}") = "Solution Items", "Solution Items", "{56E5E2E9-6B56-432D-90D5-E091E8BAC167}"
	ProjectSection(SolutionItems) = preProject
		.gitattributes = .gitattributes
		.gitignore = .gitignore
		CHANGELOG.md = CHANGELOG.md
		LICENSE = LICENSE
		README.md = README.md
		.editorconfig = .editorconfig
	EndProjectSection
EndProject
Project("{2150E333-8FDC-42A3-9474-1A3956D46DE8}") = ".github", ".github", "{D104B6AD-A4C1-49EC-92CC-4F8375DE2651}"
EndProject
Project("{2150E333-8FDC-42A3-9474-1A3956D46DE8}") = "workflows", "workflows", "{FC57885E-8664-46BC-BA96-9CA45FFE49AD}"
	ProjectSection(SolutionItems) = preProject
		.github\workflows\ci.yaml = .github\workflows\ci.yaml
	EndProjectSection
EndProject
Project("{2150E333-8FDC-42A3-9474-1A3956D46DE8}") = "Tests", "Tests", "{56DBFD71-7805-42DF-B4BC-6BED16F21EC5}"
EndProject
Global
	GlobalSection(SolutionConfigurationPlatforms) = preSolution
		Debug|Any CPU = Debug|Any CPU
		Release|Any CPU = Release|Any CPU
	EndGlobalSection
	GlobalSection(ProjectConfigurationPlatforms) = postSolution
		{A59CCEA6-E472-4D27-ACE0-4F926EBF3D0A}.Debug|Any CPU.ActiveCfg = Debug|Any CPU
		{A59CCEA6-E472-4D27-ACE0-4F926EBF3D0A}.Debug|Any CPU.Build.0 = Debug|Any CPU
		{A59CCEA6-E472-4D27-ACE0-4F926EBF3D0A}.Release|Any CPU.ActiveCfg = Release|Any CPU
		{A59CCEA6-E472-4D27-ACE0-4F926EBF3D0A}.Release|Any CPU.Build.0 = Release|Any CPU
		{0DF8987C-AB52-4251-B844-661FD7D7F749}.Debug|Any CPU.ActiveCfg = Debug|Any CPU
		{0DF8987C-AB52-4251-B844-661FD7D7F749}.Debug|Any CPU.Build.0 = Debug|Any CPU
		{0DF8987C-AB52-4251-B844-661FD7D7F749}.Release|Any CPU.ActiveCfg = Release|Any CPU
		{0DF8987C-AB52-4251-B844-661FD7D7F749}.Release|Any CPU.Build.0 = Release|Any CPU
		{2BD04504-5307-4439-B96D-D9BEB9524AB9}.Debug|Any CPU.ActiveCfg = Debug|Any CPU
		{2BD04504-5307-4439-B96D-D9BEB9524AB9}.Debug|Any CPU.Build.0 = Debug|Any CPU
		{2BD04504-5307-4439-B96D-D9BEB9524AB9}.Release|Any CPU.ActiveCfg = Release|Any CPU
		{2BD04504-5307-4439-B96D-D9BEB9524AB9}.Release|Any CPU.Build.0 = Release|Any CPU
	EndGlobalSection
	GlobalSection(NestedProjects) = preSolution
		{D104B6AD-A4C1-49EC-92CC-4F8375DE2651} = {56E5E2E9-6B56-432D-90D5-E091E8BAC167}
		{FC57885E-8664-46BC-BA96-9CA45FFE49AD} = {D104B6AD-A4C1-49EC-92CC-4F8375DE2651}
	EndGlobalSection
EndGlobal
